{
  "nodes": {
    "nixpkgs": {
      "locked": {
        "lastModified": 1651693750,
        "narHash": "sha256-OSo6x/5t9m6H0dv5SjQ5brYT3qeh7VBm/CQ3MvWty48=",
        "owner": "tjni",
        "repo": "nixpkgs",
        "rev": "b0ab160d987e71c0485566bd4e91beea11f0d470",
        "type": "github"
      },
      "original": {
        "owner": "tjni",
        "ref": "build-go-module",
        "repo": "nixpkgs",
        "type": "github"
      }
    },
    "root": {
      "inputs": {
        "nixpkgs": "nixpkgs"
      }
    }
  },
  "root": "root",
  "version": 7
}
